
Microsoft Visual Studio Solution File, Format Version 12.00
# Visual Studio Version 16
VisualStudioVersion = 16.0.32602.291
MinimumVisualStudioVersion = 10.0.40219.1
Project("{FAE04EC0-301F-11D3-BF4B-00C04F79EFBC}") = "NMSI", "NMSI\NMSI.csproj", "{8228C5E8-72EE-40D0-83A9-8969BAC6D93A}"
EndProject
Global
	GlobalSection(SolutionConfigurationPlatforms) = preSolution
		Debug|Any CPU = Debug|Any CPU
		Release|Any CPU = Release|Any CPU
	EndGlobalSection
	GlobalSection(ProjectConfigurationPlatforms) = postSolution
		{8228C5E8-72EE-40D0-83A9-8969BAC6D93A}.Debug|Any CPU.ActiveCfg = Debug|Any CPU
		{8228C5E8-72EE-40D0-83A9-8969BAC6D93A}.Debug|Any CPU.Build.0 = Debug|Any CPU
		{8228C5E8-72EE-40D0-83A9-8969BAC6D93A}.Release|Any CPU.ActiveCfg = Release|Any CPU
		{8228C5E8-72EE-40D0-83A9-8969BAC6D93A}.Release|Any CPU.Build.0 = Release|Any CPU
	EndGlobalSection
	GlobalSection(SolutionProperties) = preSolution
		HideSolutionNode = FALSE
	EndGlobalSection
	GlobalSection(ExtensibilityGlobals) = postSolution
		SolutionGuid = {B3914E98-3951-4FAF-A027-9EE3EE8ADDD9}
	EndGlobalSection
EndGlobal
